{
  "version": "5",
  "specifiers": {
    "npm:@supabase/supabase-js@2": "2.110.9",
    "npm:supabase@^2.110.0": "2.110.0"
  },
  "npm": {
    "@ecies/ciphers@0.2.6_@noble+ciphers@1.3.0": {
      "integrity": "sha512-patgsRPKGkhhoBjETV4XxD0En4ui5fbX0hzayqI3M8tvNMGUoUvmyYAIWwlxBc1KX5cturfqByYdj5bYGRpN9g==",
      "dependencies": [
        "@noble/ciphers"
      ]
    },
    "@noble/ciphers@1.3.0": {
      "integrity": "sha512-2I0gnIVPtfnMw9ee9h1dJG7tp81+8Ob3OJb3Mv37rx5L40/b0i7djjCVvGOVqc9AEIQyvyu1i6ypKdFw8R8gQw=="
    },
    "@noble/curves@1.9.7": {
      "integrity": "sha512-gbKGcRUYIjA3/zCCNaWDciTMFI0dCkvou3TL8Zmy5Nc7sJ47a0jtOeZoTaMxkuqRo9cRhjOdZJXegxYE5FN/xw==",
      "dependencies": [
        "@noble/hashes"
      ]
    },
    "@noble/hashes@1.8.0": {
      "integrity": "sha512-jCs9ldd7NwzpgXDIf6P3+NrHh9/sD6CQdxHyjQI+h/6rDNo88ypBxxz45UDuZHz9r3tNz7N/VInSVoVdtXEI4A=="
    },
    "@supabase/auth-js@2.110.9": {
      "integrity": "sha512-XQIWyJfwEUdtzinuLUWPNSJbJKWdCQPqC7dDY45lA1qhX/OzvGPE+4OyPPZVOVWVh4DlPvk5RT2XL6SEAY0MoA==",
      "dependencies": [
        "tslib"
      ]
    },
    "@supabase/cli-darwin-arm64@2.110.0": {
      "integrity": "sha512-VC+3vipRUtLrZKVYuxfRtP1gUPwUa+oZSeOJTRPSjLYN1FlnXIFcVDp/Xe21tZLYbVZBx3zJmy50OG2vTeNL3Q==",
      "os": ["darwin"],
      "cpu": ["arm64"]
    },
    "@supabase/cli-darwin-x64@2.110.0": {
      "integrity": "sha512-PtDmolyEXqm6hpsNOTBB15xWadhbFOelaKaxBTflk1TBJO1Hugrzw4xophbi8hg4vG9HXh4GNc7TY24BA93zqA==",
      "os": ["darwin"],
      "cpu": ["x64"]
    },
    "@supabase/cli-linux-arm64-musl@2.110.0": {
      "integrity": "sha512-RyPgJr7hAdyhlxwUR36+s6P6rENupfN+meN+3+c/9XYT5cRwGuaJRnM4nsh9s1fs33lu7v22oy2N7IHZfgujew==",
      "os": ["linux"],
      "cpu": ["arm64"]
    },
    "@supabase/cli-linux-arm64@2.110.0": {
      "integrity": "sha512-FHSVK7sR5quvAfDqwoA850ci3EP0hu6tjL1MDMWokkSwvILaHYp2AWq6jzZwa78dk+/SGeVPl8andkfyvH2qeg==",
      "os": ["linux"],
      "cpu": ["arm64"]
    },
    "@supabase/cli-linux-x64-musl@2.110.0": {
      "integrity": "sha512-GLYhJhOhQmkkH3gygZy8x0VLmnGuLk0giSGAc19FtA12qfXdVsVeTiZWBzIEFvrJ4nK8NWqf0K4HIe2C4sBFqg==",
      "os": ["linux"],
      "cpu": ["x64"]
    },
    "@supabase/cli-linux-x64@2.110.0": {
      "integrity": "sha512-mShXx1+8yQfpxEzVyBxH8plbrHoXE/6j/8jIzQXmzuOFbVyaJzJU3HMmuEUsptcgwj/FpWoE1HrI77TmzWrJ/w==",
      "os": ["linux"],
      "cpu": ["x64"]
    },
    "@supabase/cli-windows-arm64@2.110.0": {
      "integrity": "sha512-gLiQLv9geh3TV3t/uAd2GhNfLMJW/l8jyBclc2sPiljM5wosIKsxm8Uf9e97mgVVHgGLrRR1igXtru1YU+n8AQ==",
      "os": ["win32"],
      "cpu": ["arm64"]
    },
    "@supabase/cli-windows-x64@2.110.0": {
      "integrity": "sha512-J4dXRahjAEQy3w0cTtJsvwCuoMY7OHAYPaR81Gxac0315HvSf+8Cf2cEpwAkUKpAhUpCE0pa1Gl3BrmKtd7qaw==",
      "os": ["win32"],
      "cpu": ["x64"]
    },
    "@supabase/functions-js@2.110.9": {
      "integrity": "sha512-iSL6ih4vWK5Myc1lCuDoApfeB3Ov3cZIExvlCuQEZTzyzOKG4SLxVKPrBZG/QzwAjp7TEy0LCd0zZQtE5UAaDQ==",
      "dependencies": [
        "tslib"
      ]
    },
    "@supabase/phoenix@0.4.5": {
      "integrity": "sha512-aAn9H9ovVyeApKy11OWOrrOGq8DV68yWeH4ud2lN9fzn4aO8Zb5GLL9m1pUg9nLqIcT+ZDfAcsZe0E/nqdv2lw=="
    },
    "@supabase/postgrest-js@2.110.9": {
      "integrity": "sha512-YEfUzBMNkDE9OMfjzZnVgJH9h7y+wxxXryrgYk/t3boVtjPPlfwTdWRx8YkihuIbl4zxzdG4I0yiS4nd4Lmj8Q==",
      "dependencies": [
        "tslib"
      ]
    },
    "@supabase/realtime-js@2.110.9": {
      "integrity": "sha512-XHau+5jIOEAtS9hNiSrL4/2SXSt0EApChsj+f2VJL2mL+eicpUYLkANBu+5awFLIjXGOkys+ClYQ7Dg/3UTHcA==",
      "dependencies": [
        "@supabase/phoenix",
        "tslib"
      ]
    },
    "@supabase/storage-js@2.110.9": {
      "integrity": "sha512-UmyL+SB4cOBsejAaJ8LnLIm31585shJtnTezCCLMHyo2AauoH13sKJqPllf/8HMcGYqd0a4kHrA5t2nz+MSARA==",
      "dependencies": [
        "iceberg-js",
        "tslib"
      ]
    },
    "@supabase/supabase-js@2.110.9": {
      "integrity": "sha512-C8UVe+x6hymwiLdJntQCm9zMD5+40tWF6j+17Z6g8NJnBAWEiuM9wXYAqgDzGAQF6oqrkHddmnZwWZZtEp0zeA==",
      "dependencies": [
        "@supabase/auth-js",
        "@supabase/functions-js",
        "@supabase/postgrest-js",
        "@supabase/realtime-js",
        "@supabase/storage-js"
      ]
    },
    "eciesjs@0.5.0": {
      "integrity": "sha512-s0J9SEVYAEPg7J63GFMApLYzPH9VNIQIyC6s15JpnqVc0TqcKWdbgFlnAweEBRyMmko2dcs2sfC83Hj4J43tuA==",
      "dependencies": [
        "@ecies/ciphers",
        "@noble/ciphers",
        "@noble/curves",
        "@noble/hashes"
      ]
    },
    "iceberg-js@0.8.1": {
      "integrity": "sha512-1dhVQZXhcHje7798IVM+xoo/1ZdVfzOMIc8/rgVSijRK38EDqOJoGula9N/8ZI5RD8QTxNQtK/Gozpr+qUqRRA=="
    },
    "jose@6.2.4": {
      "integrity": "sha512-N8acGzVsQy6M/fjFcxtysNc4Q379TcM5dM/qKkNtsHFji88yANnXTr7BLeP75iPnFwBfQzM/jg2BZ9+HZrHCZA=="
    },
    "supabase@2.110.0": {
      "integrity": "sha512-63QKsdLSVOFKTqABIAeOpg12daBZb9WYqc1NeMNimDP+gFGY8YsIh7VOJawUENXhIWWRlWNprHCOmafCc3LD7Q==",
      "dependencies": [
        "eciesjs",
        "jose"
      ],
      "optionalDependencies": [
        "@supabase/cli-darwin-arm64",
        "@supabase/cli-darwin-x64",
        "@supabase/cli-linux-arm64",
        "@supabase/cli-linux-arm64-musl",
        "@supabase/cli-linux-x64",
        "@supabase/cli-linux-x64-musl",
        "@supabase/cli-windows-arm64",
        "@supabase/cli-windows-x64"
      ],
      "bin": true
    },
    "tslib@2.8.1": {
      "integrity": "sha512-oJFu94HQb+KVduSUQL7wnpmqnfmLsOA/nAh6b6EH0wCEoK0/mPeXU6c3wKDV83MkOuHPRHtSXKKU99IBazS/2w=="
    }
  },
  "workspace": {
    "packageJson": {
      "dependencies": [
        "npm:supabase@^2.110.0"
      ]
    }
  }
}
